
Microsoft Visual Studio Solution File, Format Version 12.00
# Visual Studio Version 17
VisualStudioVersion = 17.12.35527.113
MinimumVisualStudioVersion = 10.0.40219.1
Project("{2150E333-8FDC-42A3-9474-1A3956D46DE8}") = "CMakePredefinedTargets", "CMakePredefinedTargets", "{250F8D1D-293F-368E-8699-CD2DFBDA7A7B}"
EndProject
Project("{2150E333-8FDC-42A3-9474-1A3956D46DE8}") = "External", "External", "{DB994B86-752C-3090-907C-22477110A7C0}"
EndProject
Project("{2150E333-8FDC-42A3-9474-1A3956D46DE8}") = "Internal", "Internal", "{B5F9C72B-D4AC-30F9-A52E-5620C4D70320}"
EndProject
Project("{2150E333-8FDC-42A3-9474-1A3956D46DE8}") = "Utils", "Utils", "{E755FF83-EB2C-316A-95C7-D63ED1F05414}"
EndProject
Project("{8BC9CEB8-8B4A-11D0-8D11-00A0C91BC942}") = "DreamWorld", "DreamWorld.vcxproj", "{69113730-1B51-32E3-B774-4BD85595C448}"
	ProjectSection(ProjectDependencies) = postProject
		{2C6C07F6-A97F-3720-AE6E-1C7882AA2382} = {2C6C07F6-A97F-3720-AE6E-1C7882AA2382}
		{80A6CB7C-DB9C-3D7E-906F-B0BCE57E08E0} = {80A6CB7C-DB9C-3D7E-906F-B0BCE57E08E0}
		{0255E38C-E10E-3B76-AC3C-DF98ED337C45} = {0255E38C-E10E-3B76-AC3C-DF98ED337C45}
		{780BF35E-CB0A-33A0-AC5D-7CBB857F5169} = {780BF35E-CB0A-33A0-AC5D-7CBB857F5169}
		{AD33FB95-5DA4-3007-8287-DF208394D7C9} = {AD33FB95-5DA4-3007-8287-DF208394D7C9}
		{4352436B-AA05-3D7B-A7DE-9D769AEFBFB0} = {4352436B-AA05-3D7B-A7DE-9D769AEFBFB0}
		{8FF6BC22-F374-3634-94DB-753054779A02} = {8FF6BC22-F374-3634-94DB-753054779A02}
		{6AA22EE6-D1A3-378F-BAD7-F69A502B90C2} = {6AA22EE6-D1A3-378F-BAD7-F69A502B90C2}
		{E8CDBA03-0B07-3BC6-B699-26DD99970AA9} = {E8CDBA03-0B07-3BC6-B699-26DD99970AA9}
		{D812B076-1418-3AE5-B5F3-35A8FE556EE7} = {D812B076-1418-3AE5-B5F3-35A8FE556EE7}
		{46EE33BD-F797-3C78-ABD9-CD5C239C046B} = {46EE33BD-F797-3C78-ABD9-CD5C239C046B}
		{4AD2F70A-DDDB-3E11-B309-ABF113301210} = {4AD2F70A-DDDB-3E11-B309-ABF113301210}
		{7B5A7DF1-6061-3028-8A62-D6E9743AB36E} = {7B5A7DF1-6061-3028-8A62-D6E9743AB36E}
		{81C6DF11-8FD6-3369-85D5-FF2247BB1CDD} = {81C6DF11-8FD6-3369-85D5-FF2247BB1CDD}
	EndProjectSection
EndProject
Project("{8BC9CEB8-8B4A-11D0-8D11-00A0C91BC942}") = "SYNC_RESOURCE-DreamWorld", "SYNC_RESOURCE-DreamWorld.vcxproj", "{2C6C07F6-A97F-3720-AE6E-1C7882AA2382}"
	ProjectSection(ProjectDependencies) = postProject
		{80A6CB7C-DB9C-3D7E-906F-B0BCE57E08E0} = {80A6CB7C-DB9C-3D7E-906F-B0BCE57E08E0}
	EndProjectSection
EndProject
Project("{8BC9CEB8-8B4A-11D0-8D11-00A0C91BC942}") = "ZERO_CHECK", "ZERO_CHECK.vcxproj", "{80A6CB7C-DB9C-3D7E-906F-B0BCE57E08E0}"
EndProject
Project("{8BC9CEB8-8B4A-11D0-8D11-00A0C91BC942}") = "cocos2d", "engine\cocos\core\cocos2d.vcxproj", "{0255E38C-E10E-3B76-AC3C-DF98ED337C45}"
	ProjectSection(ProjectDependencies) = postProject
		{80A6CB7C-DB9C-3D7E-906F-B0BCE57E08E0} = {80A6CB7C-DB9C-3D7E-906F-B0BCE57E08E0}
		{780BF35E-CB0A-33A0-AC5D-7CBB857F5169} = {780BF35E-CB0A-33A0-AC5D-7CBB857F5169}
		{AD33FB95-5DA4-3007-8287-DF208394D7C9} = {AD33FB95-5DA4-3007-8287-DF208394D7C9}
		{4352436B-AA05-3D7B-A7DE-9D769AEFBFB0} = {4352436B-AA05-3D7B-A7DE-9D769AEFBFB0}
		{8FF6BC22-F374-3634-94DB-753054779A02} = {8FF6BC22-F374-3634-94DB-753054779A02}
		{6AA22EE6-D1A3-378F-BAD7-F69A502B90C2} = {6AA22EE6-D1A3-378F-BAD7-F69A502B90C2}
		{E8CDBA03-0B07-3BC6-B699-26DD99970AA9} = {E8CDBA03-0B07-3BC6-B699-26DD99970AA9}
		{D812B076-1418-3AE5-B5F3-35A8FE556EE7} = {D812B076-1418-3AE5-B5F3-35A8FE556EE7}
		{46EE33BD-F797-3C78-ABD9-CD5C239C046B} = {46EE33BD-F797-3C78-ABD9-CD5C239C046B}
		{4AD2F70A-DDDB-3E11-B309-ABF113301210} = {4AD2F70A-DDDB-3E11-B309-ABF113301210}
		{7B5A7DF1-6061-3028-8A62-D6E9743AB36E} = {7B5A7DF1-6061-3028-8A62-D6E9743AB36E}
		{81C6DF11-8FD6-3369-85D5-FF2247BB1CDD} = {81C6DF11-8FD6-3369-85D5-FF2247BB1CDD}
	EndProjectSection
EndProject
Project("{8BC9CEB8-8B4A-11D0-8D11-00A0C91BC942}") = "ext_clipper", "engine\external\clipper\ext_clipper.vcxproj", "{780BF35E-CB0A-33A0-AC5D-7CBB857F5169}"
	ProjectSection(ProjectDependencies) = postProject
		{80A6CB7C-DB9C-3D7E-906F-B0BCE57E08E0} = {80A6CB7C-DB9C-3D7E-906F-B0BCE57E08E0}
	EndProjectSection
EndProject
Project("{8BC9CEB8-8B4A-11D0-8D11-00A0C91BC942}") = "ext_convertUTF", "engine\external\ConvertUTF\ext_convertUTF.vcxproj", "{AD33FB95-5DA4-3007-8287-DF208394D7C9}"
	ProjectSection(ProjectDependencies) = postProject
		{80A6CB7C-DB9C-3D7E-906F-B0BCE57E08E0} = {80A6CB7C-DB9C-3D7E-906F-B0BCE57E08E0}
	EndProjectSection
EndProject
Project("{8BC9CEB8-8B4A-11D0-8D11-00A0C91BC942}") = "ext_edtaa3func", "engine\external\edtaa3func\ext_edtaa3func.vcxproj", "{4352436B-AA05-3D7B-A7DE-9D769AEFBFB0}"
	ProjectSection(ProjectDependencies) = postProject
		{80A6CB7C-DB9C-3D7E-906F-B0BCE57E08E0} = {80A6CB7C-DB9C-3D7E-906F-B0BCE57E08E0}
	EndProjectSection
EndProject
Project("{8BC9CEB8-8B4A-11D0-8D11-00A0C91BC942}") = "ext_md5", "engine\external\md5\ext_md5.vcxproj", "{8FF6BC22-F374-3634-94DB-753054779A02}"
	ProjectSection(ProjectDependencies) = postProject
		{80A6CB7C-DB9C-3D7E-906F-B0BCE57E08E0} = {80A6CB7C-DB9C-3D7E-906F-B0BCE57E08E0}
	EndProjectSection
EndProject
Project("{8BC9CEB8-8B4A-11D0-8D11-00A0C91BC942}") = "ext_poly2tri", "engine\external\poly2tri\ext_poly2tri.vcxproj", "{6AA22EE6-D1A3-378F-BAD7-F69A502B90C2}"
	ProjectSection(ProjectDependencies) = postProject
		{80A6CB7C-DB9C-3D7E-906F-B0BCE57E08E0} = {80A6CB7C-DB9C-3D7E-906F-B0BCE57E08E0}
	EndProjectSection
EndProject
Project("{8BC9CEB8-8B4A-11D0-8D11-00A0C91BC942}") = "ext_recast", "engine\external\recast\ext_recast.vcxproj", "{E8CDBA03-0B07-3BC6-B699-26DD99970AA9}"
	ProjectSection(ProjectDependencies) = postProject
		{80A6CB7C-DB9C-3D7E-906F-B0BCE57E08E0} = {80A6CB7C-DB9C-3D7E-906F-B0BCE57E08E0}
	EndProjectSection
EndProject
Project("{8BC9CEB8-8B4A-11D0-8D11-00A0C91BC942}") = "ext_tinyxml2", "engine\external\tinyxml2\ext_tinyxml2.vcxproj", "{D812B076-1418-3AE5-B5F3-35A8FE556EE7}"
	ProjectSection(ProjectDependencies) = postProject
		{80A6CB7C-DB9C-3D7E-906F-B0BCE57E08E0} = {80A6CB7C-DB9C-3D7E-906F-B0BCE57E08E0}
	EndProjectSection
EndProject
Project("{8BC9CEB8-8B4A-11D0-8D11-00A0C91BC942}") = "ext_unzip", "engine\external\unzip\ext_unzip.vcxproj", "{46EE33BD-F797-3C78-ABD9-CD5C239C046B}"
	ProjectSection(ProjectDependencies) = postProject
		{80A6CB7C-DB9C-3D7E-906F-B0BCE57E08E0} = {80A6CB7C-DB9C-3D7E-906F-B0BCE57E08E0}
	EndProjectSection
EndProject
Project("{8BC9CEB8-8B4A-11D0-8D11-00A0C91BC942}") = "ext_xxhash", "engine\external\xxhash\ext_xxhash.vcxproj", "{4AD2F70A-DDDB-3E11-B309-ABF113301210}"
	ProjectSection(ProjectDependencies) = postProject
		{80A6CB7C-DB9C-3D7E-906F-B0BCE57E08E0} = {80A6CB7C-DB9C-3D7E-906F-B0BCE57E08E0}
	EndProjectSection
EndProject
Project("{8BC9CEB8-8B4A-11D0-8D11-00A0C91BC942}") = "ext_xxtea", "engine\external\xxtea\ext_xxtea.vcxproj", "{7B5A7DF1-6061-3028-8A62-D6E9743AB36E}"
	ProjectSection(ProjectDependencies) = postProject
		{80A6CB7C-DB9C-3D7E-906F-B0BCE57E08E0} = {80A6CB7C-DB9C-3D7E-906F-B0BCE57E08E0}
	EndProjectSection
EndProject
Project("{8BC9CEB8-8B4A-11D0-8D11-00A0C91BC942}") = "external", "engine\external\external.vcxproj", "{81C6DF11-8FD6-3369-85D5-FF2247BB1CDD}"
	ProjectSection(ProjectDependencies) = postProject
		{80A6CB7C-DB9C-3D7E-906F-B0BCE57E08E0} = {80A6CB7C-DB9C-3D7E-906F-B0BCE57E08E0}
		{780BF35E-CB0A-33A0-AC5D-7CBB857F5169} = {780BF35E-CB0A-33A0-AC5D-7CBB857F5169}
		{AD33FB95-5DA4-3007-8287-DF208394D7C9} = {AD33FB95-5DA4-3007-8287-DF208394D7C9}
		{4352436B-AA05-3D7B-A7DE-9D769AEFBFB0} = {4352436B-AA05-3D7B-A7DE-9D769AEFBFB0}
		{8FF6BC22-F374-3634-94DB-753054779A02} = {8FF6BC22-F374-3634-94DB-753054779A02}
		{6AA22EE6-D1A3-378F-BAD7-F69A502B90C2} = {6AA22EE6-D1A3-378F-BAD7-F69A502B90C2}
		{E8CDBA03-0B07-3BC6-B699-26DD99970AA9} = {E8CDBA03-0B07-3BC6-B699-26DD99970AA9}
		{D812B076-1418-3AE5-B5F3-35A8FE556EE7} = {D812B076-1418-3AE5-B5F3-35A8FE556EE7}
		{46EE33BD-F797-3C78-ABD9-CD5C239C046B} = {46EE33BD-F797-3C78-ABD9-CD5C239C046B}
		{4AD2F70A-DDDB-3E11-B309-ABF113301210} = {4AD2F70A-DDDB-3E11-B309-ABF113301210}
		{7B5A7DF1-6061-3028-8A62-D6E9743AB36E} = {7B5A7DF1-6061-3028-8A62-D6E9743AB36E}
	EndProjectSection
EndProject
Global
	GlobalSection(SolutionConfigurationPlatforms) = preSolution
		Debug|Win32 = Debug|Win32
		MinSizeRel|Win32 = MinSizeRel|Win32
		Release|Win32 = Release|Win32
		RelWithDebInfo|Win32 = RelWithDebInfo|Win32
	EndGlobalSection
	GlobalSection(ProjectConfigurationPlatforms) = postSolution
		{69113730-1B51-32E3-B774-4BD85595C448}.Debug|Win32.ActiveCfg = Debug|Win32
		{69113730-1B51-32E3-B774-4BD85595C448}.Debug|Win32.Build.0 = Debug|Win32
		{69113730-1B51-32E3-B774-4BD85595C448}.MinSizeRel|Win32.ActiveCfg = MinSizeRel|Win32
		{69113730-1B51-32E3-B774-4BD85595C448}.MinSizeRel|Win32.Build.0 = MinSizeRel|Win32
		{69113730-1B51-32E3-B774-4BD85595C448}.Release|Win32.ActiveCfg = Release|Win32
		{69113730-1B51-32E3-B774-4BD85595C448}.Release|Win32.Build.0 = Release|Win32
		{69113730-1B51-32E3-B774-4BD85595C448}.RelWithDebInfo|Win32.ActiveCfg = RelWithDebInfo|Win32
		{69113730-1B51-32E3-B774-4BD85595C448}.RelWithDebInfo|Win32.Build.0 = RelWithDebInfo|Win32
		{2C6C07F6-A97F-3720-AE6E-1C7882AA2382}.Debug|Win32.ActiveCfg = Debug|Win32
		{2C6C07F6-A97F-3720-AE6E-1C7882AA2382}.Debug|Win32.Build.0 = Debug|Win32
		{2C6C07F6-A97F-3720-AE6E-1C7882AA2382}.MinSizeRel|Win32.ActiveCfg = MinSizeRel|Win32
		{2C6C07F6-A97F-3720-AE6E-1C7882AA2382}.MinSizeRel|Win32.Build.0 = MinSizeRel|Win32
		{2C6C07F6-A97F-3720-AE6E-1C7882AA2382}.Release|Win32.ActiveCfg = Release|Win32
		{2C6C07F6-A97F-3720-AE6E-1C7882AA2382}.Release|Win32.Build.0 = Release|Win32
		{2C6C07F6-A97F-3720-AE6E-1C7882AA2382}.RelWithDebInfo|Win32.ActiveCfg = RelWithDebInfo|Win32
		{2C6C07F6-A97F-3720-AE6E-1C7882AA2382}.RelWithDebInfo|Win32.Build.0 = RelWithDebInfo|Win32
		{80A6CB7C-DB9C-3D7E-906F-B0BCE57E08E0}.Debug|Win32.ActiveCfg = Debug|Win32
		{80A6CB7C-DB9C-3D7E-906F-B0BCE57E08E0}.Debug|Win32.Build.0 = Debug|Win32
		{80A6CB7C-DB9C-3D7E-906F-B0BCE57E08E0}.MinSizeRel|Win32.ActiveCfg = MinSizeRel|Win32
		{80A6CB7C-DB9C-3D7E-906F-B0BCE57E08E0}.MinSizeRel|Win32.Build.0 = MinSizeRel|Win32
		{80A6CB7C-DB9C-3D7E-906F-B0BCE57E08E0}.Release|Win32.ActiveCfg = Release|Win32
		{80A6CB7C-DB9C-3D7E-906F-B0BCE57E08E0}.Release|Win32.Build.0 = Release|Win32
		{80A6CB7C-DB9C-3D7E-906F-B0BCE57E08E0}.RelWithDebInfo|Win32.ActiveCfg = RelWithDebInfo|Win32
		{80A6CB7C-DB9C-3D7E-906F-B0BCE57E08E0}.RelWithDebInfo|Win32.Build.0 = RelWithDebInfo|Win32
		{0255E38C-E10E-3B76-AC3C-DF98ED337C45}.Debug|Win32.ActiveCfg = Debug|Win32
		{0255E38C-E10E-3B76-AC3C-DF98ED337C45}.Debug|Win32.Build.0 = Debug|Win32
		{0255E38C-E10E-3B76-AC3C-DF98ED337C45}.MinSizeRel|Win32.ActiveCfg = MinSizeRel|Win32
		{0255E38C-E10E-3B76-AC3C-DF98ED337C45}.MinSizeRel|Win32.Build.0 = MinSizeRel|Win32
		{0255E38C-E10E-3B76-AC3C-DF98ED337C45}.Release|Win32.ActiveCfg = Release|Win32
		{0255E38C-E10E-3B76-AC3C-DF98ED337C45}.Release|Win32.Build.0 = Release|Win32
		{0255E38C-E10E-3B76-AC3C-DF98ED337C45}.RelWithDebInfo|Win32.ActiveCfg = RelWithDebInfo|Win32
		{0255E38C-E10E-3B76-AC3C-DF98ED337C45}.RelWithDebInfo|Win32.Build.0 = RelWithDebInfo|Win32
		{780BF35E-CB0A-33A0-AC5D-7CBB857F5169}.Debug|Win32.ActiveCfg = Debug|Win32
		{780BF35E-CB0A-33A0-AC5D-7CBB857F5169}.Debug|Win32.Build.0 = Debug|Win32
		{780BF35E-CB0A-33A0-AC5D-7CBB857F5169}.MinSizeRel|Win32.ActiveCfg = MinSizeRel|Win32
		{780BF35E-CB0A-33A0-AC5D-7CBB857F5169}.MinSizeRel|Win32.Build.0 = MinSizeRel|Win32
		{780BF35E-CB0A-33A0-AC5D-7CBB857F5169}.Release|Win32.ActiveCfg = Release|Win32
		{780BF35E-CB0A-33A0-AC5D-7CBB857F5169}.Release|Win32.Build.0 = Release|Win32
		{780BF35E-CB0A-33A0-AC5D-7CBB857F5169}.RelWithDebInfo|Win32.ActiveCfg = RelWithDebInfo|Win32
		{780BF35E-CB0A-33A0-AC5D-7CBB857F5169}.RelWithDebInfo|Win32.Build.0 = RelWithDebInfo|Win32
		{AD33FB95-5DA4-3007-8287-DF208394D7C9}.Debug|Win32.ActiveCfg = Debug|Win32
		{AD33FB95-5DA4-3007-8287-DF208394D7C9}.Debug|Win32.Build.0 = Debug|Win32
		{AD33FB95-5DA4-3007-8287-DF208394D7C9}.MinSizeRel|Win32.ActiveCfg = MinSizeRel|Win32
		{AD33FB95-5DA4-3007-8287-DF208394D7C9}.MinSizeRel|Win32.Build.0 = MinSizeRel|Win32
		{AD33FB95-5DA4-3007-8287-DF208394D7C9}.Release|Win32.ActiveCfg = Release|Win32
		{AD33FB95-5DA4-3007-8287-DF208394D7C9}.Release|Win32.Build.0 = Release|Win32
		{AD33FB95-5DA4-3007-8287-DF208394D7C9}.RelWithDebInfo|Win32.ActiveCfg = RelWithDebInfo|Win32
		{AD33FB95-5DA4-3007-8287-DF208394D7C9}.RelWithDebInfo|Win32.Build.0 = RelWithDebInfo|Win32
		{4352436B-AA05-3D7B-A7DE-9D769AEFBFB0}.Debug|Win32.ActiveCfg = Debug|Win32
		{4352436B-AA05-3D7B-A7DE-9D769AEFBFB0}.Debug|Win32.Build.0 = Debug|Win32
		{4352436B-AA05-3D7B-A7DE-9D769AEFBFB0}.MinSizeRel|Win32.ActiveCfg = MinSizeRel|Win32
		{4352436B-AA05-3D7B-A7DE-9D769AEFBFB0}.MinSizeRel|Win32.Build.0 = MinSizeRel|Win32
		{4352436B-AA05-3D7B-A7DE-9D769AEFBFB0}.Release|Win32.ActiveCfg = Release|Win32
		{4352436B-AA05-3D7B-A7DE-9D769AEFBFB0}.Release|Win32.Build.0 = Release|Win32
		{4352436B-AA05-3D7B-A7DE-9D769AEFBFB0}.RelWithDebInfo|Win32.ActiveCfg = RelWithDebInfo|Win32
		{4352436B-AA05-3D7B-A7DE-9D769AEFBFB0}.RelWithDebInfo|Win32.Build.0 = RelWithDebInfo|Win32
		{8FF6BC22-F374-3634-94DB-753054779A02}.Debug|Win32.ActiveCfg = Debug|Win32
		{8FF6BC22-F374-3634-94DB-753054779A02}.Debug|Win32.Build.0 = Debug|Win32
		{8FF6BC22-F374-3634-94DB-753054779A02}.MinSizeRel|Win32.ActiveCfg = MinSizeRel|Win32
		{8FF6BC22-F374-3634-94DB-753054779A02}.MinSizeRel|Win32.Build.0 = MinSizeRel|Win32
		{8FF6BC22-F374-3634-94DB-753054779A02}.Release|Win32.ActiveCfg = Release|Win32
		{8FF6BC22-F374-3634-94DB-753054779A02}.Release|Win32.Build.0 = Release|Win32
		{8FF6BC22-F374-3634-94DB-753054779A02}.RelWithDebInfo|Win32.ActiveCfg = RelWithDebInfo|Win32
		{8FF6BC22-F374-3634-94DB-753054779A02}.RelWithDebInfo|Win32.Build.0 = RelWithDebInfo|Win32
		{6AA22EE6-D1A3-378F-BAD7-F69A502B90C2}.Debug|Win32.ActiveCfg = Debug|Win32
		{6AA22EE6-D1A3-378F-BAD7-F69A502B90C2}.Debug|Win32.Build.0 = Debug|Win32
		{6AA22EE6-D1A3-378F-BAD7-F69A502B90C2}.MinSizeRel|Win32.ActiveCfg = MinSizeRel|Win32
		{6AA22EE6-D1A3-378F-BAD7-F69A502B90C2}.MinSizeRel|Win32.Build.0 = MinSizeRel|Win32
		{6AA22EE6-D1A3-378F-BAD7-F69A502B90C2}.Release|Win32.ActiveCfg = Release|Win32
		{6AA22EE6-D1A3-378F-BAD7-F69A502B90C2}.Release|Win32.Build.0 = Release|Win32
		{6AA22EE6-D1A3-378F-BAD7-F69A502B90C2}.RelWithDebInfo|Win32.ActiveCfg = RelWithDebInfo|Win32
		{6AA22EE6-D1A3-378F-BAD7-F69A502B90C2}.RelWithDebInfo|Win32.Build.0 = RelWithDebInfo|Win32
		{E8CDBA03-0B07-3BC6-B699-26DD99970AA9}.Debug|Win32.ActiveCfg = Debug|Win32
		{E8CDBA03-0B07-3BC6-B699-26DD99970AA9}.Debug|Win32.Build.0 = Debug|Win32
		{E8CDBA03-0B07-3BC6-B699-26DD99970AA9}.MinSizeRel|Win32.ActiveCfg = MinSizeRel|Win32
		{E8CDBA03-0B07-3BC6-B699-26DD99970AA9}.MinSizeRel|Win32.Build.0 = MinSizeRel|Win32
		{E8CDBA03-0B07-3BC6-B699-26DD99970AA9}.Release|Win32.ActiveCfg = Release|Win32
		{E8CDBA03-0B07-3BC6-B699-26DD99970AA9}.Release|Win32.Build.0 = Release|Win32
		{E8CDBA03-0B07-3BC6-B699-26DD99970AA9}.RelWithDebInfo|Win32.ActiveCfg = RelWithDebInfo|Win32
		{E8CDBA03-0B07-3BC6-B699-26DD99970AA9}.RelWithDebInfo|Win32.Build.0 = RelWithDebInfo|Win32
		{D812B076-1418-3AE5-B5F3-35A8FE556EE7}.Debug|Win32.ActiveCfg = Debug|Win32
		{D812B076-1418-3AE5-B5F3-35A8FE556EE7}.Debug|Win32.Build.0 = Debug|Win32
		{D812B076-1418-3AE5-B5F3-35A8FE556EE7}.MinSizeRel|Win32.ActiveCfg = MinSizeRel|Win32
		{D812B076-1418-3AE5-B5F3-35A8FE556EE7}.MinSizeRel|Win32.Build.0 = MinSizeRel|Win32
		{D812B076-1418-3AE5-B5F3-35A8FE556EE7}.Release|Win32.ActiveCfg = Release|Win32
		{D812B076-1418-3AE5-B5F3-35A8FE556EE7}.Release|Win32.Build.0 = Release|Win32
		{D812B076-1418-3AE5-B5F3-35A8FE556EE7}.RelWithDebInfo|Win32.ActiveCfg = RelWithDebInfo|Win32
		{D812B076-1418-3AE5-B5F3-35A8FE556EE7}.RelWithDebInfo|Win32.Build.0 = RelWithDebInfo|Win32
		{46EE33BD-F797-3C78-ABD9-CD5C239C046B}.Debug|Win32.ActiveCfg = Debug|Win32
		{46EE33BD-F797-3C78-ABD9-CD5C239C046B}.Debug|Win32.Build.0 = Debug|Win32
		{46EE33BD-F797-3C78-ABD9-CD5C239C046B}.MinSizeRel|Win32.ActiveCfg = MinSizeRel|Win32
		{46EE33BD-F797-3C78-ABD9-CD5C239C046B}.MinSizeRel|Win32.Build.0 = MinSizeRel|Win32
		{46EE33BD-F797-3C78-ABD9-CD5C239C046B}.Release|Win32.ActiveCfg = Release|Win32
		{46EE33BD-F797-3C78-ABD9-CD5C239C046B}.Release|Win32.Build.0 = Release|Win32
		{46EE33BD-F797-3C78-ABD9-CD5C239C046B}.RelWithDebInfo|Win32.ActiveCfg = RelWithDebInfo|Win32
		{46EE33BD-F797-3C78-ABD9-CD5C239C046B}.RelWithDebInfo|Win32.Build.0 = RelWithDebInfo|Win32
		{4AD2F70A-DDDB-3E11-B309-ABF113301210}.Debug|Win32.ActiveCfg = Debug|Win32
		{4AD2F70A-DDDB-3E11-B309-ABF113301210}.Debug|Win32.Build.0 = Debug|Win32
		{4AD2F70A-DDDB-3E11-B309-ABF113301210}.MinSizeRel|Win32.ActiveCfg = MinSizeRel|Win32
		{4AD2F70A-DDDB-3E11-B309-ABF113301210}.MinSizeRel|Win32.Build.0 = MinSizeRel|Win32
		{4AD2F70A-DDDB-3E11-B309-ABF113301210}.Release|Win32.ActiveCfg = Release|Win32
		{4AD2F70A-DDDB-3E11-B309-ABF113301210}.Release|Win32.Build.0 = Release|Win32
		{4AD2F70A-DDDB-3E11-B309-ABF113301210}.RelWithDebInfo|Win32.ActiveCfg = RelWithDebInfo|Win32
		{4AD2F70A-DDDB-3E11-B309-ABF113301210}.RelWithDebInfo|Win32.Build.0 = RelWithDebInfo|Win32
		{7B5A7DF1-6061-3028-8A62-D6E9743AB36E}.Debug|Win32.ActiveCfg = Debug|Win32
		{7B5A7DF1-6061-3028-8A62-D6E9743AB36E}.Debug|Win32.Build.0 = Debug|Win32
		{7B5A7DF1-6061-3028-8A62-D6E9743AB36E}.MinSizeRel|Win32.ActiveCfg = MinSizeRel|Win32
		{7B5A7DF1-6061-3028-8A62-D6E9743AB36E}.MinSizeRel|Win32.Build.0 = MinSizeRel|Win32
		{7B5A7DF1-6061-3028-8A62-D6E9743AB36E}.Release|Win32.ActiveCfg = Release|Win32
		{7B5A7DF1-6061-3028-8A62-D6E9743AB36E}.Release|Win32.Build.0 = Release|Win32
		{7B5A7DF1-6061-3028-8A62-D6E9743AB36E}.RelWithDebInfo|Win32.ActiveCfg = RelWithDebInfo|Win32
		{7B5A7DF1-6061-3028-8A62-D6E9743AB36E}.RelWithDebInfo|Win32.Build.0 = RelWithDebInfo|Win32
		{81C6DF11-8FD6-3369-85D5-FF2247BB1CDD}.Debug|Win32.ActiveCfg = Debug|Win32
		{81C6DF11-8FD6-3369-85D5-FF2247BB1CDD}.Debug|Win32.Build.0 = Debug|Win32
		{81C6DF11-8FD6-3369-85D5-FF2247BB1CDD}.MinSizeRel|Win32.ActiveCfg = MinSizeRel|Win32
		{81C6DF11-8FD6-3369-85D5-FF2247BB1CDD}.MinSizeRel|Win32.Build.0 = MinSizeRel|Win32
		{81C6DF11-8FD6-3369-85D5-FF2247BB1CDD}.Release|Win32.ActiveCfg = Release|Win32
		{81C6DF11-8FD6-3369-85D5-FF2247BB1CDD}.Release|Win32.Build.0 = Release|Win32
		{81C6DF11-8FD6-3369-85D5-FF2247BB1CDD}.RelWithDebInfo|Win32.ActiveCfg = RelWithDebInfo|Win32
		{81C6DF11-8FD6-3369-85D5-FF2247BB1CDD}.RelWithDebInfo|Win32.Build.0 = RelWithDebInfo|Win32
	EndGlobalSection
	GlobalSection(SolutionProperties) = preSolution
		HideSolutionNode = FALSE
	EndGlobalSection
	GlobalSection(NestedProjects) = preSolution
		{2C6C07F6-A97F-3720-AE6E-1C7882AA2382} = {E755FF83-EB2C-316A-95C7-D63ED1F05414}
		{80A6CB7C-DB9C-3D7E-906F-B0BCE57E08E0} = {250F8D1D-293F-368E-8699-CD2DFBDA7A7B}
		{0255E38C-E10E-3B76-AC3C-DF98ED337C45} = {B5F9C72B-D4AC-30F9-A52E-5620C4D70320}
		{780BF35E-CB0A-33A0-AC5D-7CBB857F5169} = {DB994B86-752C-3090-907C-22477110A7C0}
		{AD33FB95-5DA4-3007-8287-DF208394D7C9} = {DB994B86-752C-3090-907C-22477110A7C0}
		{4352436B-AA05-3D7B-A7DE-9D769AEFBFB0} = {DB994B86-752C-3090-907C-22477110A7C0}
		{8FF6BC22-F374-3634-94DB-753054779A02} = {DB994B86-752C-3090-907C-22477110A7C0}
		{6AA22EE6-D1A3-378F-BAD7-F69A502B90C2} = {DB994B86-752C-3090-907C-22477110A7C0}
		{E8CDBA03-0B07-3BC6-B699-26DD99970AA9} = {DB994B86-752C-3090-907C-22477110A7C0}
		{D812B076-1418-3AE5-B5F3-35A8FE556EE7} = {DB994B86-752C-3090-907C-22477110A7C0}
		{46EE33BD-F797-3C78-ABD9-CD5C239C046B} = {DB994B86-752C-3090-907C-22477110A7C0}
		{4AD2F70A-DDDB-3E11-B309-ABF113301210} = {DB994B86-752C-3090-907C-22477110A7C0}
		{7B5A7DF1-6061-3028-8A62-D6E9743AB36E} = {DB994B86-752C-3090-907C-22477110A7C0}
		{81C6DF11-8FD6-3369-85D5-FF2247BB1CDD} = {DB994B86-752C-3090-907C-22477110A7C0}
	EndGlobalSection
	GlobalSection(ExtensibilityGlobals) = postSolution
		SolutionGuid = {A9074C79-6EA5-36B1-9197-FD85672E3EEF}
	EndGlobalSection
EndGlobal
