<?xml version="1.0" encoding="utf-8"?>
<Project ToolsVersion="17.0" xmlns="http://schemas.microsoft.com/developer/msbuild/2003">
  <ItemGroup>
    <CustomBuild Include="D:\DreamWorld\proj.win32\CMakeFiles\2405901d57d0f2d83818ed0523d3475a\SYNC_RESOURCE-DreamWorld.rule">
      <Filter>CMake Rules</Filter>
    </CustomBuild>
    <CustomBuild Include="D:\DreamWorld\CMakeLists.txt" />
  </ItemGroup>
  <ItemGroup>
    <None Include="D:\DreamWorld\proj.win32\CMakeFiles\SYNC_RESOURCE-DreamWorld" />
  </ItemGroup>
  <ItemGroup>
    <Filter Include="CMake Rules">
      <UniqueIdentifier>{A24E30E6-2F39-3763-8CB2-5E8EE6B52C67}</UniqueIdentifier>
    </Filter>
  </ItemGroup>
</Project>
