<?xml version="1.0" encoding="utf-8"?>
<Project ToolsVersion="17.0" xmlns="http://schemas.microsoft.com/developer/msbuild/2003">
  <ItemGroup>
    <CustomBuild Include="D:\Git\13112024\proj.win32\CMakeFiles\680f4be2042ba8c873c3208226e91930\SYNC_RESOURCE-DreamWorld.rule">
      <Filter>CMake Rules</Filter>
    </CustomBuild>
    <CustomBuild Include="D:\Git\13112024\CMakeLists.txt" />
  </ItemGroup>
  <ItemGroup>
    <None Include="D:\Git\13112024\proj.win32\CMakeFiles\SYNC_RESOURCE-DreamWorld" />
  </ItemGroup>
  <ItemGroup>
    <Filter Include="CMake Rules">
      <UniqueIdentifier>{AF8B8D8C-605E-3877-95F1-6D55FC7B2865}</UniqueIdentifier>
    </Filter>
  </ItemGroup>
</Project>
