<?xml version="1.0" encoding="utf-8"?>
<Project ToolsVersion="17.0" xmlns="http://schemas.microsoft.com/developer/msbuild/2003">
  <ItemGroup>
    <CustomBuild Include="D:\Git\dreamxx\proj.win32\CMakeFiles\19cedc3e1c91c5b4f0e4d24c14d4c736\generate.stamp.rule">
      <Filter>CMake Rules</Filter>
    </CustomBuild>
  </ItemGroup>
  <ItemGroup>
    <Filter Include="CMake Rules">
      <UniqueIdentifier>{00100447-F2BD-35B9-8DAD-4D91A106F980}</UniqueIdentifier>
    </Filter>
  </ItemGroup>
</Project>
