<?xml version="1.0" encoding="utf-8"?>
<Project ToolsVersion="17.0" xmlns="http://schemas.microsoft.com/developer/msbuild/2003">
  <ItemGroup>
    <CustomBuild Include="D:\Git\Dreamworld\proj.win32\CMakeFiles\e918e9f663fcb07cc150bd8ef9b68691\generate.stamp.rule">
      <Filter>CMake Rules</Filter>
    </CustomBuild>
  </ItemGroup>
  <ItemGroup>
    <Filter Include="CMake Rules">
      <UniqueIdentifier>{75317802-1F02-3B04-B1D2-F0DDC46261A0}</UniqueIdentifier>
    </Filter>
  </ItemGroup>
</Project>
