
Microsoft Visual Studio Solution File, Format Version 12.00
# Visual Studio Version 17
Project("{2150E333-8FDC-42A3-9474-1A3956D46DE8}") = "CMakePredefinedTargets", "CMakePredefinedTargets", "{4349BB05-5950-37E2-B5FA-0F9338678ACD}"
EndProject
Project("{2150E333-8FDC-42A3-9474-1A3956D46DE8}") = "External", "External", "{6B459944-9A04-3E06-8FA8-36EC4C44EDEC}"
EndProject
Project("{2150E333-8FDC-42A3-9474-1A3956D46DE8}") = "Internal", "Internal", "{D62098B1-34D5-3572-B1FC-38921E5FF725}"
EndProject
Project("{8BC9CEB8-8B4A-11D0-8D11-00A0C91BC942}") = "ALL_BUILD", "ALL_BUILD.vcxproj", "{0C2A1FEE-A313-36C3-B9A1-07BAE3F3E060}"
	ProjectSection(ProjectDependencies) = postProject
		{97C0002D-3EE1-3E8D-AF57-D4AAFC70F278} = {97C0002D-3EE1-3E8D-AF57-D4AAFC70F278}
		{0CA8B9B2-7B1B-33A8-87E9-C6DBFF1F644E} = {0CA8B9B2-7B1B-33A8-87E9-C6DBFF1F644E}
		{87CD4B6C-F96C-3526-BB1A-54B8FD7B5A55} = {87CD4B6C-F96C-3526-BB1A-54B8FD7B5A55}
		{2C00C2EB-5466-39BE-B413-D2B85E69F93D} = {2C00C2EB-5466-39BE-B413-D2B85E69F93D}
		{E5E8B5AF-38BD-3246-AF36-A23CB0CB79F6} = {E5E8B5AF-38BD-3246-AF36-A23CB0CB79F6}
		{F55BBDD0-A841-39F0-A06C-768C56DA387E} = {F55BBDD0-A841-39F0-A06C-768C56DA387E}
		{AF4E4DFF-0495-327E-A268-2D3939386E1E} = {AF4E4DFF-0495-327E-A268-2D3939386E1E}
		{13BCA501-8568-3BA0-B05C-0E0A4B3A6472} = {13BCA501-8568-3BA0-B05C-0E0A4B3A6472}
		{669682D3-AD19-350D-85FF-54D301C8CD0A} = {669682D3-AD19-350D-85FF-54D301C8CD0A}
		{C56B5312-2F75-309B-81D7-015AA61E8F93} = {C56B5312-2F75-309B-81D7-015AA61E8F93}
		{A2C1F231-4DDF-3A9C-83CB-2CCA2FFFEE4D} = {A2C1F231-4DDF-3A9C-83CB-2CCA2FFFEE4D}
		{F4B3925B-E828-3E19-985D-A860F779D329} = {F4B3925B-E828-3E19-985D-A860F779D329}
		{7A811875-45E8-3629-A461-62E1237D9DCD} = {7A811875-45E8-3629-A461-62E1237D9DCD}
	EndProjectSection
EndProject
Project("{8BC9CEB8-8B4A-11D0-8D11-00A0C91BC942}") = "ZERO_CHECK", "..\..\..\\ZERO_CHECK.vcxproj", "{97C0002D-3EE1-3E8D-AF57-D4AAFC70F278}"
	ProjectSection(ProjectDependencies) = postProject
	EndProjectSection
EndProject
Project("{8BC9CEB8-8B4A-11D0-8D11-00A0C91BC942}") = "cocos2d", "cocos2d.vcxproj", "{0CA8B9B2-7B1B-33A8-87E9-C6DBFF1F644E}"
	ProjectSection(ProjectDependencies) = postProject
		{97C0002D-3EE1-3E8D-AF57-D4AAFC70F278} = {97C0002D-3EE1-3E8D-AF57-D4AAFC70F278}
		{87CD4B6C-F96C-3526-BB1A-54B8FD7B5A55} = {87CD4B6C-F96C-3526-BB1A-54B8FD7B5A55}
		{2C00C2EB-5466-39BE-B413-D2B85E69F93D} = {2C00C2EB-5466-39BE-B413-D2B85E69F93D}
		{E5E8B5AF-38BD-3246-AF36-A23CB0CB79F6} = {E5E8B5AF-38BD-3246-AF36-A23CB0CB79F6}
		{F55BBDD0-A841-39F0-A06C-768C56DA387E} = {F55BBDD0-A841-39F0-A06C-768C56DA387E}
		{AF4E4DFF-0495-327E-A268-2D3939386E1E} = {AF4E4DFF-0495-327E-A268-2D3939386E1E}
		{13BCA501-8568-3BA0-B05C-0E0A4B3A6472} = {13BCA501-8568-3BA0-B05C-0E0A4B3A6472}
		{669682D3-AD19-350D-85FF-54D301C8CD0A} = {669682D3-AD19-350D-85FF-54D301C8CD0A}
		{C56B5312-2F75-309B-81D7-015AA61E8F93} = {C56B5312-2F75-309B-81D7-015AA61E8F93}
		{A2C1F231-4DDF-3A9C-83CB-2CCA2FFFEE4D} = {A2C1F231-4DDF-3A9C-83CB-2CCA2FFFEE4D}
		{F4B3925B-E828-3E19-985D-A860F779D329} = {F4B3925B-E828-3E19-985D-A860F779D329}
		{7A811875-45E8-3629-A461-62E1237D9DCD} = {7A811875-45E8-3629-A461-62E1237D9DCD}
	EndProjectSection
EndProject
Project("{8BC9CEB8-8B4A-11D0-8D11-00A0C91BC942}") = "ext_clipper", "..\..\external\clipper\ext_clipper.vcxproj", "{87CD4B6C-F96C-3526-BB1A-54B8FD7B5A55}"
	ProjectSection(ProjectDependencies) = postProject
		{97C0002D-3EE1-3E8D-AF57-D4AAFC70F278} = {97C0002D-3EE1-3E8D-AF57-D4AAFC70F278}
	EndProjectSection
EndProject
Project("{8BC9CEB8-8B4A-11D0-8D11-00A0C91BC942}") = "ext_convertUTF", "..\..\external\ConvertUTF\ext_convertUTF.vcxproj", "{2C00C2EB-5466-39BE-B413-D2B85E69F93D}"
	ProjectSection(ProjectDependencies) = postProject
		{97C0002D-3EE1-3E8D-AF57-D4AAFC70F278} = {97C0002D-3EE1-3E8D-AF57-D4AAFC70F278}
	EndProjectSection
EndProject
Project("{8BC9CEB8-8B4A-11D0-8D11-00A0C91BC942}") = "ext_edtaa3func", "..\..\external\edtaa3func\ext_edtaa3func.vcxproj", "{E5E8B5AF-38BD-3246-AF36-A23CB0CB79F6}"
	ProjectSection(ProjectDependencies) = postProject
		{97C0002D-3EE1-3E8D-AF57-D4AAFC70F278} = {97C0002D-3EE1-3E8D-AF57-D4AAFC70F278}
	EndProjectSection
EndProject
Project("{8BC9CEB8-8B4A-11D0-8D11-00A0C91BC942}") = "ext_md5", "..\..\external\md5\ext_md5.vcxproj", "{F55BBDD0-A841-39F0-A06C-768C56DA387E}"
	ProjectSection(ProjectDependencies) = postProject
		{97C0002D-3EE1-3E8D-AF57-D4AAFC70F278} = {97C0002D-3EE1-3E8D-AF57-D4AAFC70F278}
	EndProjectSection
EndProject
Project("{8BC9CEB8-8B4A-11D0-8D11-00A0C91BC942}") = "ext_poly2tri", "..\..\external\poly2tri\ext_poly2tri.vcxproj", "{AF4E4DFF-0495-327E-A268-2D3939386E1E}"
	ProjectSection(ProjectDependencies) = postProject
		{97C0002D-3EE1-3E8D-AF57-D4AAFC70F278} = {97C0002D-3EE1-3E8D-AF57-D4AAFC70F278}
	EndProjectSection
EndProject
Project("{8BC9CEB8-8B4A-11D0-8D11-00A0C91BC942}") = "ext_recast", "..\..\external\recast\ext_recast.vcxproj", "{13BCA501-8568-3BA0-B05C-0E0A4B3A6472}"
	ProjectSection(ProjectDependencies) = postProject
		{97C0002D-3EE1-3E8D-AF57-D4AAFC70F278} = {97C0002D-3EE1-3E8D-AF57-D4AAFC70F278}
	EndProjectSection
EndProject
Project("{8BC9CEB8-8B4A-11D0-8D11-00A0C91BC942}") = "ext_tinyxml2", "..\..\external\tinyxml2\ext_tinyxml2.vcxproj", "{669682D3-AD19-350D-85FF-54D301C8CD0A}"
	ProjectSection(ProjectDependencies) = postProject
		{97C0002D-3EE1-3E8D-AF57-D4AAFC70F278} = {97C0002D-3EE1-3E8D-AF57-D4AAFC70F278}
	EndProjectSection
EndProject
Project("{8BC9CEB8-8B4A-11D0-8D11-00A0C91BC942}") = "ext_unzip", "..\..\external\unzip\ext_unzip.vcxproj", "{C56B5312-2F75-309B-81D7-015AA61E8F93}"
	ProjectSection(ProjectDependencies) = postProject
		{97C0002D-3EE1-3E8D-AF57-D4AAFC70F278} = {97C0002D-3EE1-3E8D-AF57-D4AAFC70F278}
	EndProjectSection
EndProject
Project("{8BC9CEB8-8B4A-11D0-8D11-00A0C91BC942}") = "ext_xxhash", "..\..\external\xxhash\ext_xxhash.vcxproj", "{A2C1F231-4DDF-3A9C-83CB-2CCA2FFFEE4D}"
	ProjectSection(ProjectDependencies) = postProject
		{97C0002D-3EE1-3E8D-AF57-D4AAFC70F278} = {97C0002D-3EE1-3E8D-AF57-D4AAFC70F278}
	EndProjectSection
EndProject
Project("{8BC9CEB8-8B4A-11D0-8D11-00A0C91BC942}") = "ext_xxtea", "..\..\external\xxtea\ext_xxtea.vcxproj", "{F4B3925B-E828-3E19-985D-A860F779D329}"
	ProjectSection(ProjectDependencies) = postProject
		{97C0002D-3EE1-3E8D-AF57-D4AAFC70F278} = {97C0002D-3EE1-3E8D-AF57-D4AAFC70F278}
	EndProjectSection
EndProject
Project("{8BC9CEB8-8B4A-11D0-8D11-00A0C91BC942}") = "external", "..\..\external\external.vcxproj", "{7A811875-45E8-3629-A461-62E1237D9DCD}"
	ProjectSection(ProjectDependencies) = postProject
		{97C0002D-3EE1-3E8D-AF57-D4AAFC70F278} = {97C0002D-3EE1-3E8D-AF57-D4AAFC70F278}
		{87CD4B6C-F96C-3526-BB1A-54B8FD7B5A55} = {87CD4B6C-F96C-3526-BB1A-54B8FD7B5A55}
		{2C00C2EB-5466-39BE-B413-D2B85E69F93D} = {2C00C2EB-5466-39BE-B413-D2B85E69F93D}
		{E5E8B5AF-38BD-3246-AF36-A23CB0CB79F6} = {E5E8B5AF-38BD-3246-AF36-A23CB0CB79F6}
		{F55BBDD0-A841-39F0-A06C-768C56DA387E} = {F55BBDD0-A841-39F0-A06C-768C56DA387E}
		{AF4E4DFF-0495-327E-A268-2D3939386E1E} = {AF4E4DFF-0495-327E-A268-2D3939386E1E}
		{13BCA501-8568-3BA0-B05C-0E0A4B3A6472} = {13BCA501-8568-3BA0-B05C-0E0A4B3A6472}
		{669682D3-AD19-350D-85FF-54D301C8CD0A} = {669682D3-AD19-350D-85FF-54D301C8CD0A}
		{C56B5312-2F75-309B-81D7-015AA61E8F93} = {C56B5312-2F75-309B-81D7-015AA61E8F93}
		{A2C1F231-4DDF-3A9C-83CB-2CCA2FFFEE4D} = {A2C1F231-4DDF-3A9C-83CB-2CCA2FFFEE4D}
		{F4B3925B-E828-3E19-985D-A860F779D329} = {F4B3925B-E828-3E19-985D-A860F779D329}
	EndProjectSection
EndProject
Global
	GlobalSection(SolutionConfigurationPlatforms) = preSolution
		Debug|Win32 = Debug|Win32
		Release|Win32 = Release|Win32
		MinSizeRel|Win32 = MinSizeRel|Win32
		RelWithDebInfo|Win32 = RelWithDebInfo|Win32
	EndGlobalSection
	GlobalSection(ProjectConfigurationPlatforms) = postSolution
		{0C2A1FEE-A313-36C3-B9A1-07BAE3F3E060}.Debug|Win32.ActiveCfg = Debug|Win32
		{0C2A1FEE-A313-36C3-B9A1-07BAE3F3E060}.Release|Win32.ActiveCfg = Release|Win32
		{0C2A1FEE-A313-36C3-B9A1-07BAE3F3E060}.MinSizeRel|Win32.ActiveCfg = MinSizeRel|Win32
		{0C2A1FEE-A313-36C3-B9A1-07BAE3F3E060}.RelWithDebInfo|Win32.ActiveCfg = RelWithDebInfo|Win32
		{97C0002D-3EE1-3E8D-AF57-D4AAFC70F278}.Debug|Win32.ActiveCfg = Debug|Win32
		{97C0002D-3EE1-3E8D-AF57-D4AAFC70F278}.Debug|Win32.Build.0 = Debug|Win32
		{97C0002D-3EE1-3E8D-AF57-D4AAFC70F278}.Release|Win32.ActiveCfg = Release|Win32
		{97C0002D-3EE1-3E8D-AF57-D4AAFC70F278}.Release|Win32.Build.0 = Release|Win32
		{97C0002D-3EE1-3E8D-AF57-D4AAFC70F278}.MinSizeRel|Win32.ActiveCfg = MinSizeRel|Win32
		{97C0002D-3EE1-3E8D-AF57-D4AAFC70F278}.MinSizeRel|Win32.Build.0 = MinSizeRel|Win32
		{97C0002D-3EE1-3E8D-AF57-D4AAFC70F278}.RelWithDebInfo|Win32.ActiveCfg = RelWithDebInfo|Win32
		{97C0002D-3EE1-3E8D-AF57-D4AAFC70F278}.RelWithDebInfo|Win32.Build.0 = RelWithDebInfo|Win32
		{0CA8B9B2-7B1B-33A8-87E9-C6DBFF1F644E}.Debug|Win32.ActiveCfg = Debug|Win32
		{0CA8B9B2-7B1B-33A8-87E9-C6DBFF1F644E}.Debug|Win32.Build.0 = Debug|Win32
		{0CA8B9B2-7B1B-33A8-87E9-C6DBFF1F644E}.Release|Win32.ActiveCfg = Release|Win32
		{0CA8B9B2-7B1B-33A8-87E9-C6DBFF1F644E}.Release|Win32.Build.0 = Release|Win32
		{0CA8B9B2-7B1B-33A8-87E9-C6DBFF1F644E}.MinSizeRel|Win32.ActiveCfg = MinSizeRel|Win32
		{0CA8B9B2-7B1B-33A8-87E9-C6DBFF1F644E}.MinSizeRel|Win32.Build.0 = MinSizeRel|Win32
		{0CA8B9B2-7B1B-33A8-87E9-C6DBFF1F644E}.RelWithDebInfo|Win32.ActiveCfg = RelWithDebInfo|Win32
		{0CA8B9B2-7B1B-33A8-87E9-C6DBFF1F644E}.RelWithDebInfo|Win32.Build.0 = RelWithDebInfo|Win32
		{87CD4B6C-F96C-3526-BB1A-54B8FD7B5A55}.Debug|Win32.ActiveCfg = Debug|Win32
		{87CD4B6C-F96C-3526-BB1A-54B8FD7B5A55}.Debug|Win32.Build.0 = Debug|Win32
		{87CD4B6C-F96C-3526-BB1A-54B8FD7B5A55}.Release|Win32.ActiveCfg = Release|Win32
		{87CD4B6C-F96C-3526-BB1A-54B8FD7B5A55}.Release|Win32.Build.0 = Release|Win32
		{87CD4B6C-F96C-3526-BB1A-54B8FD7B5A55}.MinSizeRel|Win32.ActiveCfg = MinSizeRel|Win32
		{87CD4B6C-F96C-3526-BB1A-54B8FD7B5A55}.MinSizeRel|Win32.Build.0 = MinSizeRel|Win32
		{87CD4B6C-F96C-3526-BB1A-54B8FD7B5A55}.RelWithDebInfo|Win32.ActiveCfg = RelWithDebInfo|Win32
		{87CD4B6C-F96C-3526-BB1A-54B8FD7B5A55}.RelWithDebInfo|Win32.Build.0 = RelWithDebInfo|Win32
		{2C00C2EB-5466-39BE-B413-D2B85E69F93D}.Debug|Win32.ActiveCfg = Debug|Win32
		{2C00C2EB-5466-39BE-B413-D2B85E69F93D}.Debug|Win32.Build.0 = Debug|Win32
		{2C00C2EB-5466-39BE-B413-D2B85E69F93D}.Release|Win32.ActiveCfg = Release|Win32
		{2C00C2EB-5466-39BE-B413-D2B85E69F93D}.Release|Win32.Build.0 = Release|Win32
		{2C00C2EB-5466-39BE-B413-D2B85E69F93D}.MinSizeRel|Win32.ActiveCfg = MinSizeRel|Win32
		{2C00C2EB-5466-39BE-B413-D2B85E69F93D}.MinSizeRel|Win32.Build.0 = MinSizeRel|Win32
		{2C00C2EB-5466-39BE-B413-D2B85E69F93D}.RelWithDebInfo|Win32.ActiveCfg = RelWithDebInfo|Win32
		{2C00C2EB-5466-39BE-B413-D2B85E69F93D}.RelWithDebInfo|Win32.Build.0 = RelWithDebInfo|Win32
		{E5E8B5AF-38BD-3246-AF36-A23CB0CB79F6}.Debug|Win32.ActiveCfg = Debug|Win32
		{E5E8B5AF-38BD-3246-AF36-A23CB0CB79F6}.Debug|Win32.Build.0 = Debug|Win32
		{E5E8B5AF-38BD-3246-AF36-A23CB0CB79F6}.Release|Win32.ActiveCfg = Release|Win32
		{E5E8B5AF-38BD-3246-AF36-A23CB0CB79F6}.Release|Win32.Build.0 = Release|Win32
		{E5E8B5AF-38BD-3246-AF36-A23CB0CB79F6}.MinSizeRel|Win32.ActiveCfg = MinSizeRel|Win32
		{E5E8B5AF-38BD-3246-AF36-A23CB0CB79F6}.MinSizeRel|Win32.Build.0 = MinSizeRel|Win32
		{E5E8B5AF-38BD-3246-AF36-A23CB0CB79F6}.RelWithDebInfo|Win32.ActiveCfg = RelWithDebInfo|Win32
		{E5E8B5AF-38BD-3246-AF36-A23CB0CB79F6}.RelWithDebInfo|Win32.Build.0 = RelWithDebInfo|Win32
		{F55BBDD0-A841-39F0-A06C-768C56DA387E}.Debug|Win32.ActiveCfg = Debug|Win32
		{F55BBDD0-A841-39F0-A06C-768C56DA387E}.Debug|Win32.Build.0 = Debug|Win32
		{F55BBDD0-A841-39F0-A06C-768C56DA387E}.Release|Win32.ActiveCfg = Release|Win32
		{F55BBDD0-A841-39F0-A06C-768C56DA387E}.Release|Win32.Build.0 = Release|Win32
		{F55BBDD0-A841-39F0-A06C-768C56DA387E}.MinSizeRel|Win32.ActiveCfg = MinSizeRel|Win32
		{F55BBDD0-A841-39F0-A06C-768C56DA387E}.MinSizeRel|Win32.Build.0 = MinSizeRel|Win32
		{F55BBDD0-A841-39F0-A06C-768C56DA387E}.RelWithDebInfo|Win32.ActiveCfg = RelWithDebInfo|Win32
		{F55BBDD0-A841-39F0-A06C-768C56DA387E}.RelWithDebInfo|Win32.Build.0 = RelWithDebInfo|Win32
		{AF4E4DFF-0495-327E-A268-2D3939386E1E}.Debug|Win32.ActiveCfg = Debug|Win32
		{AF4E4DFF-0495-327E-A268-2D3939386E1E}.Debug|Win32.Build.0 = Debug|Win32
		{AF4E4DFF-0495-327E-A268-2D3939386E1E}.Release|Win32.ActiveCfg = Release|Win32
		{AF4E4DFF-0495-327E-A268-2D3939386E1E}.Release|Win32.Build.0 = Release|Win32
		{AF4E4DFF-0495-327E-A268-2D3939386E1E}.MinSizeRel|Win32.ActiveCfg = MinSizeRel|Win32
		{AF4E4DFF-0495-327E-A268-2D3939386E1E}.MinSizeRel|Win32.Build.0 = MinSizeRel|Win32
		{AF4E4DFF-0495-327E-A268-2D3939386E1E}.RelWithDebInfo|Win32.ActiveCfg = RelWithDebInfo|Win32
		{AF4E4DFF-0495-327E-A268-2D3939386E1E}.RelWithDebInfo|Win32.Build.0 = RelWithDebInfo|Win32
		{13BCA501-8568-3BA0-B05C-0E0A4B3A6472}.Debug|Win32.ActiveCfg = Debug|Win32
		{13BCA501-8568-3BA0-B05C-0E0A4B3A6472}.Debug|Win32.Build.0 = Debug|Win32
		{13BCA501-8568-3BA0-B05C-0E0A4B3A6472}.Release|Win32.ActiveCfg = Release|Win32
		{13BCA501-8568-3BA0-B05C-0E0A4B3A6472}.Release|Win32.Build.0 = Release|Win32
		{13BCA501-8568-3BA0-B05C-0E0A4B3A6472}.MinSizeRel|Win32.ActiveCfg = MinSizeRel|Win32
		{13BCA501-8568-3BA0-B05C-0E0A4B3A6472}.MinSizeRel|Win32.Build.0 = MinSizeRel|Win32
		{13BCA501-8568-3BA0-B05C-0E0A4B3A6472}.RelWithDebInfo|Win32.ActiveCfg = RelWithDebInfo|Win32
		{13BCA501-8568-3BA0-B05C-0E0A4B3A6472}.RelWithDebInfo|Win32.Build.0 = RelWithDebInfo|Win32
		{669682D3-AD19-350D-85FF-54D301C8CD0A}.Debug|Win32.ActiveCfg = Debug|Win32
		{669682D3-AD19-350D-85FF-54D301C8CD0A}.Debug|Win32.Build.0 = Debug|Win32
		{669682D3-AD19-350D-85FF-54D301C8CD0A}.Release|Win32.ActiveCfg = Release|Win32
		{669682D3-AD19-350D-85FF-54D301C8CD0A}.Release|Win32.Build.0 = Release|Win32
		{669682D3-AD19-350D-85FF-54D301C8CD0A}.MinSizeRel|Win32.ActiveCfg = MinSizeRel|Win32
		{669682D3-AD19-350D-85FF-54D301C8CD0A}.MinSizeRel|Win32.Build.0 = MinSizeRel|Win32
		{669682D3-AD19-350D-85FF-54D301C8CD0A}.RelWithDebInfo|Win32.ActiveCfg = RelWithDebInfo|Win32
		{669682D3-AD19-350D-85FF-54D301C8CD0A}.RelWithDebInfo|Win32.Build.0 = RelWithDebInfo|Win32
		{C56B5312-2F75-309B-81D7-015AA61E8F93}.Debug|Win32.ActiveCfg = Debug|Win32
		{C56B5312-2F75-309B-81D7-015AA61E8F93}.Debug|Win32.Build.0 = Debug|Win32
		{C56B5312-2F75-309B-81D7-015AA61E8F93}.Release|Win32.ActiveCfg = Release|Win32
		{C56B5312-2F75-309B-81D7-015AA61E8F93}.Release|Win32.Build.0 = Release|Win32
		{C56B5312-2F75-309B-81D7-015AA61E8F93}.MinSizeRel|Win32.ActiveCfg = MinSizeRel|Win32
		{C56B5312-2F75-309B-81D7-015AA61E8F93}.MinSizeRel|Win32.Build.0 = MinSizeRel|Win32
		{C56B5312-2F75-309B-81D7-015AA61E8F93}.RelWithDebInfo|Win32.ActiveCfg = RelWithDebInfo|Win32
		{C56B5312-2F75-309B-81D7-015AA61E8F93}.RelWithDebInfo|Win32.Build.0 = RelWithDebInfo|Win32
		{A2C1F231-4DDF-3A9C-83CB-2CCA2FFFEE4D}.Debug|Win32.ActiveCfg = Debug|Win32
		{A2C1F231-4DDF-3A9C-83CB-2CCA2FFFEE4D}.Debug|Win32.Build.0 = Debug|Win32
		{A2C1F231-4DDF-3A9C-83CB-2CCA2FFFEE4D}.Release|Win32.ActiveCfg = Release|Win32
		{A2C1F231-4DDF-3A9C-83CB-2CCA2FFFEE4D}.Release|Win32.Build.0 = Release|Win32
		{A2C1F231-4DDF-3A9C-83CB-2CCA2FFFEE4D}.MinSizeRel|Win32.ActiveCfg = MinSizeRel|Win32
		{A2C1F231-4DDF-3A9C-83CB-2CCA2FFFEE4D}.MinSizeRel|Win32.Build.0 = MinSizeRel|Win32
		{A2C1F231-4DDF-3A9C-83CB-2CCA2FFFEE4D}.RelWithDebInfo|Win32.ActiveCfg = RelWithDebInfo|Win32
		{A2C1F231-4DDF-3A9C-83CB-2CCA2FFFEE4D}.RelWithDebInfo|Win32.Build.0 = RelWithDebInfo|Win32
		{F4B3925B-E828-3E19-985D-A860F779D329}.Debug|Win32.ActiveCfg = Debug|Win32
		{F4B3925B-E828-3E19-985D-A860F779D329}.Debug|Win32.Build.0 = Debug|Win32
		{F4B3925B-E828-3E19-985D-A860F779D329}.Release|Win32.ActiveCfg = Release|Win32
		{F4B3925B-E828-3E19-985D-A860F779D329}.Release|Win32.Build.0 = Release|Win32
		{F4B3925B-E828-3E19-985D-A860F779D329}.MinSizeRel|Win32.ActiveCfg = MinSizeRel|Win32
		{F4B3925B-E828-3E19-985D-A860F779D329}.MinSizeRel|Win32.Build.0 = MinSizeRel|Win32
		{F4B3925B-E828-3E19-985D-A860F779D329}.RelWithDebInfo|Win32.ActiveCfg = RelWithDebInfo|Win32
		{F4B3925B-E828-3E19-985D-A860F779D329}.RelWithDebInfo|Win32.Build.0 = RelWithDebInfo|Win32
		{7A811875-45E8-3629-A461-62E1237D9DCD}.Debug|Win32.ActiveCfg = Debug|Win32
		{7A811875-45E8-3629-A461-62E1237D9DCD}.Debug|Win32.Build.0 = Debug|Win32
		{7A811875-45E8-3629-A461-62E1237D9DCD}.Release|Win32.ActiveCfg = Release|Win32
		{7A811875-45E8-3629-A461-62E1237D9DCD}.Release|Win32.Build.0 = Release|Win32
		{7A811875-45E8-3629-A461-62E1237D9DCD}.MinSizeRel|Win32.ActiveCfg = MinSizeRel|Win32
		{7A811875-45E8-3629-A461-62E1237D9DCD}.MinSizeRel|Win32.Build.0 = MinSizeRel|Win32
		{7A811875-45E8-3629-A461-62E1237D9DCD}.RelWithDebInfo|Win32.ActiveCfg = RelWithDebInfo|Win32
		{7A811875-45E8-3629-A461-62E1237D9DCD}.RelWithDebInfo|Win32.Build.0 = RelWithDebInfo|Win32
	EndGlobalSection
	GlobalSection(NestedProjects) = preSolution
		{0C2A1FEE-A313-36C3-B9A1-07BAE3F3E060} = {4349BB05-5950-37E2-B5FA-0F9338678ACD}
		{97C0002D-3EE1-3E8D-AF57-D4AAFC70F278} = {4349BB05-5950-37E2-B5FA-0F9338678ACD}
		{87CD4B6C-F96C-3526-BB1A-54B8FD7B5A55} = {6B459944-9A04-3E06-8FA8-36EC4C44EDEC}
		{2C00C2EB-5466-39BE-B413-D2B85E69F93D} = {6B459944-9A04-3E06-8FA8-36EC4C44EDEC}
		{E5E8B5AF-38BD-3246-AF36-A23CB0CB79F6} = {6B459944-9A04-3E06-8FA8-36EC4C44EDEC}
		{F55BBDD0-A841-39F0-A06C-768C56DA387E} = {6B459944-9A04-3E06-8FA8-36EC4C44EDEC}
		{AF4E4DFF-0495-327E-A268-2D3939386E1E} = {6B459944-9A04-3E06-8FA8-36EC4C44EDEC}
		{13BCA501-8568-3BA0-B05C-0E0A4B3A6472} = {6B459944-9A04-3E06-8FA8-36EC4C44EDEC}
		{669682D3-AD19-350D-85FF-54D301C8CD0A} = {6B459944-9A04-3E06-8FA8-36EC4C44EDEC}
		{C56B5312-2F75-309B-81D7-015AA61E8F93} = {6B459944-9A04-3E06-8FA8-36EC4C44EDEC}
		{A2C1F231-4DDF-3A9C-83CB-2CCA2FFFEE4D} = {6B459944-9A04-3E06-8FA8-36EC4C44EDEC}
		{F4B3925B-E828-3E19-985D-A860F779D329} = {6B459944-9A04-3E06-8FA8-36EC4C44EDEC}
		{7A811875-45E8-3629-A461-62E1237D9DCD} = {6B459944-9A04-3E06-8FA8-36EC4C44EDEC}
		{0CA8B9B2-7B1B-33A8-87E9-C6DBFF1F644E} = {D62098B1-34D5-3572-B1FC-38921E5FF725}
	EndGlobalSection
	GlobalSection(ExtensibilityGlobals) = postSolution
		SolutionGuid = {BABE5ABB-9AC7-33D5-8D4A-4B53A584E732}
	EndGlobalSection
	GlobalSection(ExtensibilityAddIns) = postSolution
	EndGlobalSection
EndGlobal
