
Microsoft Visual Studio Solution File, Format Version 12.00
# Visual Studio Version 17
Project("{2150E333-8FDC-42A3-9474-1A3956D46DE8}") = "CMakePredefinedTargets", "CMakePredefinedTargets", "{E527E33A-F295-39A8-8909-299DC3548D09}"
EndProject
Project("{2150E333-8FDC-42A3-9474-1A3956D46DE8}") = "External", "External", "{4D942049-7D30-3DC9-A51F-EC3DC3F4854A}"
EndProject
Project("{2150E333-8FDC-42A3-9474-1A3956D46DE8}") = "Internal", "Internal", "{918A50A3-A3B5-348D-BD8A-07EE6AD0E200}"
EndProject
Project("{8BC9CEB8-8B4A-11D0-8D11-00A0C91BC942}") = "ALL_BUILD", "ALL_BUILD.vcxproj", "{D81A9951-FC2B-3AD1-AE22-26B483F1DE41}"
	ProjectSection(ProjectDependencies) = postProject
		{D7A35C5D-D36B-327C-8489-7C1C3F0C6BB7} = {D7A35C5D-D36B-327C-8489-7C1C3F0C6BB7}
		{B2960188-B667-3370-980E-34A4B54AFD8C} = {B2960188-B667-3370-980E-34A4B54AFD8C}
		{9CDCB22B-DC0D-39AB-8340-3CD0F3F5F341} = {9CDCB22B-DC0D-39AB-8340-3CD0F3F5F341}
		{77C430D6-1D2F-3696-8BD0-D12DB6AC990D} = {77C430D6-1D2F-3696-8BD0-D12DB6AC990D}
		{B3947C62-ED91-3425-8633-28BD3F66434E} = {B3947C62-ED91-3425-8633-28BD3F66434E}
		{500EF439-51CA-357C-875A-D9056F23B254} = {500EF439-51CA-357C-875A-D9056F23B254}
		{F5537F4B-62E9-32EA-8DB0-F2B4AA76C2DE} = {F5537F4B-62E9-32EA-8DB0-F2B4AA76C2DE}
		{374FC74D-B631-31EE-9904-5D3B7A86873D} = {374FC74D-B631-31EE-9904-5D3B7A86873D}
		{601AD910-C7FB-3FB0-A3C0-A3258FA5EA48} = {601AD910-C7FB-3FB0-A3C0-A3258FA5EA48}
		{45DCF316-6D5F-397A-8F8A-7F168E739E67} = {45DCF316-6D5F-397A-8F8A-7F168E739E67}
		{9CE8D63E-1CBB-344F-BAFE-83CEEF7FF168} = {9CE8D63E-1CBB-344F-BAFE-83CEEF7FF168}
		{CFE84F6D-6628-3513-ACE3-37A87CB597D8} = {CFE84F6D-6628-3513-ACE3-37A87CB597D8}
		{2470C412-5D21-333E-857D-3583A38D1D60} = {2470C412-5D21-333E-857D-3583A38D1D60}
	EndProjectSection
EndProject
Project("{8BC9CEB8-8B4A-11D0-8D11-00A0C91BC942}") = "ZERO_CHECK", "..\..\..\\ZERO_CHECK.vcxproj", "{D7A35C5D-D36B-327C-8489-7C1C3F0C6BB7}"
	ProjectSection(ProjectDependencies) = postProject
	EndProjectSection
EndProject
Project("{8BC9CEB8-8B4A-11D0-8D11-00A0C91BC942}") = "cocos2d", "cocos2d.vcxproj", "{B2960188-B667-3370-980E-34A4B54AFD8C}"
	ProjectSection(ProjectDependencies) = postProject
		{D7A35C5D-D36B-327C-8489-7C1C3F0C6BB7} = {D7A35C5D-D36B-327C-8489-7C1C3F0C6BB7}
		{9CDCB22B-DC0D-39AB-8340-3CD0F3F5F341} = {9CDCB22B-DC0D-39AB-8340-3CD0F3F5F341}
		{77C430D6-1D2F-3696-8BD0-D12DB6AC990D} = {77C430D6-1D2F-3696-8BD0-D12DB6AC990D}
		{B3947C62-ED91-3425-8633-28BD3F66434E} = {B3947C62-ED91-3425-8633-28BD3F66434E}
		{500EF439-51CA-357C-875A-D9056F23B254} = {500EF439-51CA-357C-875A-D9056F23B254}
		{F5537F4B-62E9-32EA-8DB0-F2B4AA76C2DE} = {F5537F4B-62E9-32EA-8DB0-F2B4AA76C2DE}
		{374FC74D-B631-31EE-9904-5D3B7A86873D} = {374FC74D-B631-31EE-9904-5D3B7A86873D}
		{601AD910-C7FB-3FB0-A3C0-A3258FA5EA48} = {601AD910-C7FB-3FB0-A3C0-A3258FA5EA48}
		{45DCF316-6D5F-397A-8F8A-7F168E739E67} = {45DCF316-6D5F-397A-8F8A-7F168E739E67}
		{9CE8D63E-1CBB-344F-BAFE-83CEEF7FF168} = {9CE8D63E-1CBB-344F-BAFE-83CEEF7FF168}
		{CFE84F6D-6628-3513-ACE3-37A87CB597D8} = {CFE84F6D-6628-3513-ACE3-37A87CB597D8}
		{2470C412-5D21-333E-857D-3583A38D1D60} = {2470C412-5D21-333E-857D-3583A38D1D60}
	EndProjectSection
EndProject
Project("{8BC9CEB8-8B4A-11D0-8D11-00A0C91BC942}") = "ext_clipper", "..\..\external\clipper\ext_clipper.vcxproj", "{9CDCB22B-DC0D-39AB-8340-3CD0F3F5F341}"
	ProjectSection(ProjectDependencies) = postProject
		{D7A35C5D-D36B-327C-8489-7C1C3F0C6BB7} = {D7A35C5D-D36B-327C-8489-7C1C3F0C6BB7}
	EndProjectSection
EndProject
Project("{8BC9CEB8-8B4A-11D0-8D11-00A0C91BC942}") = "ext_convertUTF", "..\..\external\ConvertUTF\ext_convertUTF.vcxproj", "{77C430D6-1D2F-3696-8BD0-D12DB6AC990D}"
	ProjectSection(ProjectDependencies) = postProject
		{D7A35C5D-D36B-327C-8489-7C1C3F0C6BB7} = {D7A35C5D-D36B-327C-8489-7C1C3F0C6BB7}
	EndProjectSection
EndProject
Project("{8BC9CEB8-8B4A-11D0-8D11-00A0C91BC942}") = "ext_edtaa3func", "..\..\external\edtaa3func\ext_edtaa3func.vcxproj", "{B3947C62-ED91-3425-8633-28BD3F66434E}"
	ProjectSection(ProjectDependencies) = postProject
		{D7A35C5D-D36B-327C-8489-7C1C3F0C6BB7} = {D7A35C5D-D36B-327C-8489-7C1C3F0C6BB7}
	EndProjectSection
EndProject
Project("{8BC9CEB8-8B4A-11D0-8D11-00A0C91BC942}") = "ext_md5", "..\..\external\md5\ext_md5.vcxproj", "{500EF439-51CA-357C-875A-D9056F23B254}"
	ProjectSection(ProjectDependencies) = postProject
		{D7A35C5D-D36B-327C-8489-7C1C3F0C6BB7} = {D7A35C5D-D36B-327C-8489-7C1C3F0C6BB7}
	EndProjectSection
EndProject
Project("{8BC9CEB8-8B4A-11D0-8D11-00A0C91BC942}") = "ext_poly2tri", "..\..\external\poly2tri\ext_poly2tri.vcxproj", "{F5537F4B-62E9-32EA-8DB0-F2B4AA76C2DE}"
	ProjectSection(ProjectDependencies) = postProject
		{D7A35C5D-D36B-327C-8489-7C1C3F0C6BB7} = {D7A35C5D-D36B-327C-8489-7C1C3F0C6BB7}
	EndProjectSection
EndProject
Project("{8BC9CEB8-8B4A-11D0-8D11-00A0C91BC942}") = "ext_recast", "..\..\external\recast\ext_recast.vcxproj", "{374FC74D-B631-31EE-9904-5D3B7A86873D}"
	ProjectSection(ProjectDependencies) = postProject
		{D7A35C5D-D36B-327C-8489-7C1C3F0C6BB7} = {D7A35C5D-D36B-327C-8489-7C1C3F0C6BB7}
	EndProjectSection
EndProject
Project("{8BC9CEB8-8B4A-11D0-8D11-00A0C91BC942}") = "ext_tinyxml2", "..\..\external\tinyxml2\ext_tinyxml2.vcxproj", "{601AD910-C7FB-3FB0-A3C0-A3258FA5EA48}"
	ProjectSection(ProjectDependencies) = postProject
		{D7A35C5D-D36B-327C-8489-7C1C3F0C6BB7} = {D7A35C5D-D36B-327C-8489-7C1C3F0C6BB7}
	EndProjectSection
EndProject
Project("{8BC9CEB8-8B4A-11D0-8D11-00A0C91BC942}") = "ext_unzip", "..\..\external\unzip\ext_unzip.vcxproj", "{45DCF316-6D5F-397A-8F8A-7F168E739E67}"
	ProjectSection(ProjectDependencies) = postProject
		{D7A35C5D-D36B-327C-8489-7C1C3F0C6BB7} = {D7A35C5D-D36B-327C-8489-7C1C3F0C6BB7}
	EndProjectSection
EndProject
Project("{8BC9CEB8-8B4A-11D0-8D11-00A0C91BC942}") = "ext_xxhash", "..\..\external\xxhash\ext_xxhash.vcxproj", "{9CE8D63E-1CBB-344F-BAFE-83CEEF7FF168}"
	ProjectSection(ProjectDependencies) = postProject
		{D7A35C5D-D36B-327C-8489-7C1C3F0C6BB7} = {D7A35C5D-D36B-327C-8489-7C1C3F0C6BB7}
	EndProjectSection
EndProject
Project("{8BC9CEB8-8B4A-11D0-8D11-00A0C91BC942}") = "ext_xxtea", "..\..\external\xxtea\ext_xxtea.vcxproj", "{CFE84F6D-6628-3513-ACE3-37A87CB597D8}"
	ProjectSection(ProjectDependencies) = postProject
		{D7A35C5D-D36B-327C-8489-7C1C3F0C6BB7} = {D7A35C5D-D36B-327C-8489-7C1C3F0C6BB7}
	EndProjectSection
EndProject
Project("{8BC9CEB8-8B4A-11D0-8D11-00A0C91BC942}") = "external", "..\..\external\external.vcxproj", "{2470C412-5D21-333E-857D-3583A38D1D60}"
	ProjectSection(ProjectDependencies) = postProject
		{D7A35C5D-D36B-327C-8489-7C1C3F0C6BB7} = {D7A35C5D-D36B-327C-8489-7C1C3F0C6BB7}
		{9CDCB22B-DC0D-39AB-8340-3CD0F3F5F341} = {9CDCB22B-DC0D-39AB-8340-3CD0F3F5F341}
		{77C430D6-1D2F-3696-8BD0-D12DB6AC990D} = {77C430D6-1D2F-3696-8BD0-D12DB6AC990D}
		{B3947C62-ED91-3425-8633-28BD3F66434E} = {B3947C62-ED91-3425-8633-28BD3F66434E}
		{500EF439-51CA-357C-875A-D9056F23B254} = {500EF439-51CA-357C-875A-D9056F23B254}
		{F5537F4B-62E9-32EA-8DB0-F2B4AA76C2DE} = {F5537F4B-62E9-32EA-8DB0-F2B4AA76C2DE}
		{374FC74D-B631-31EE-9904-5D3B7A86873D} = {374FC74D-B631-31EE-9904-5D3B7A86873D}
		{601AD910-C7FB-3FB0-A3C0-A3258FA5EA48} = {601AD910-C7FB-3FB0-A3C0-A3258FA5EA48}
		{45DCF316-6D5F-397A-8F8A-7F168E739E67} = {45DCF316-6D5F-397A-8F8A-7F168E739E67}
		{9CE8D63E-1CBB-344F-BAFE-83CEEF7FF168} = {9CE8D63E-1CBB-344F-BAFE-83CEEF7FF168}
		{CFE84F6D-6628-3513-ACE3-37A87CB597D8} = {CFE84F6D-6628-3513-ACE3-37A87CB597D8}
	EndProjectSection
EndProject
Global
	GlobalSection(SolutionConfigurationPlatforms) = preSolution
		Debug|Win32 = Debug|Win32
		Release|Win32 = Release|Win32
		MinSizeRel|Win32 = MinSizeRel|Win32
		RelWithDebInfo|Win32 = RelWithDebInfo|Win32
	EndGlobalSection
	GlobalSection(ProjectConfigurationPlatforms) = postSolution
		{D81A9951-FC2B-3AD1-AE22-26B483F1DE41}.Debug|Win32.ActiveCfg = Debug|Win32
		{D81A9951-FC2B-3AD1-AE22-26B483F1DE41}.Release|Win32.ActiveCfg = Release|Win32
		{D81A9951-FC2B-3AD1-AE22-26B483F1DE41}.MinSizeRel|Win32.ActiveCfg = MinSizeRel|Win32
		{D81A9951-FC2B-3AD1-AE22-26B483F1DE41}.RelWithDebInfo|Win32.ActiveCfg = RelWithDebInfo|Win32
		{D7A35C5D-D36B-327C-8489-7C1C3F0C6BB7}.Debug|Win32.ActiveCfg = Debug|Win32
		{D7A35C5D-D36B-327C-8489-7C1C3F0C6BB7}.Debug|Win32.Build.0 = Debug|Win32
		{D7A35C5D-D36B-327C-8489-7C1C3F0C6BB7}.Release|Win32.ActiveCfg = Release|Win32
		{D7A35C5D-D36B-327C-8489-7C1C3F0C6BB7}.Release|Win32.Build.0 = Release|Win32
		{D7A35C5D-D36B-327C-8489-7C1C3F0C6BB7}.MinSizeRel|Win32.ActiveCfg = MinSizeRel|Win32
		{D7A35C5D-D36B-327C-8489-7C1C3F0C6BB7}.MinSizeRel|Win32.Build.0 = MinSizeRel|Win32
		{D7A35C5D-D36B-327C-8489-7C1C3F0C6BB7}.RelWithDebInfo|Win32.ActiveCfg = RelWithDebInfo|Win32
		{D7A35C5D-D36B-327C-8489-7C1C3F0C6BB7}.RelWithDebInfo|Win32.Build.0 = RelWithDebInfo|Win32
		{B2960188-B667-3370-980E-34A4B54AFD8C}.Debug|Win32.ActiveCfg = Debug|Win32
		{B2960188-B667-3370-980E-34A4B54AFD8C}.Debug|Win32.Build.0 = Debug|Win32
		{B2960188-B667-3370-980E-34A4B54AFD8C}.Release|Win32.ActiveCfg = Release|Win32
		{B2960188-B667-3370-980E-34A4B54AFD8C}.Release|Win32.Build.0 = Release|Win32
		{B2960188-B667-3370-980E-34A4B54AFD8C}.MinSizeRel|Win32.ActiveCfg = MinSizeRel|Win32
		{B2960188-B667-3370-980E-34A4B54AFD8C}.MinSizeRel|Win32.Build.0 = MinSizeRel|Win32
		{B2960188-B667-3370-980E-34A4B54AFD8C}.RelWithDebInfo|Win32.ActiveCfg = RelWithDebInfo|Win32
		{B2960188-B667-3370-980E-34A4B54AFD8C}.RelWithDebInfo|Win32.Build.0 = RelWithDebInfo|Win32
		{9CDCB22B-DC0D-39AB-8340-3CD0F3F5F341}.Debug|Win32.ActiveCfg = Debug|Win32
		{9CDCB22B-DC0D-39AB-8340-3CD0F3F5F341}.Debug|Win32.Build.0 = Debug|Win32
		{9CDCB22B-DC0D-39AB-8340-3CD0F3F5F341}.Release|Win32.ActiveCfg = Release|Win32
		{9CDCB22B-DC0D-39AB-8340-3CD0F3F5F341}.Release|Win32.Build.0 = Release|Win32
		{9CDCB22B-DC0D-39AB-8340-3CD0F3F5F341}.MinSizeRel|Win32.ActiveCfg = MinSizeRel|Win32
		{9CDCB22B-DC0D-39AB-8340-3CD0F3F5F341}.MinSizeRel|Win32.Build.0 = MinSizeRel|Win32
		{9CDCB22B-DC0D-39AB-8340-3CD0F3F5F341}.RelWithDebInfo|Win32.ActiveCfg = RelWithDebInfo|Win32
		{9CDCB22B-DC0D-39AB-8340-3CD0F3F5F341}.RelWithDebInfo|Win32.Build.0 = RelWithDebInfo|Win32
		{77C430D6-1D2F-3696-8BD0-D12DB6AC990D}.Debug|Win32.ActiveCfg = Debug|Win32
		{77C430D6-1D2F-3696-8BD0-D12DB6AC990D}.Debug|Win32.Build.0 = Debug|Win32
		{77C430D6-1D2F-3696-8BD0-D12DB6AC990D}.Release|Win32.ActiveCfg = Release|Win32
		{77C430D6-1D2F-3696-8BD0-D12DB6AC990D}.Release|Win32.Build.0 = Release|Win32
		{77C430D6-1D2F-3696-8BD0-D12DB6AC990D}.MinSizeRel|Win32.ActiveCfg = MinSizeRel|Win32
		{77C430D6-1D2F-3696-8BD0-D12DB6AC990D}.MinSizeRel|Win32.Build.0 = MinSizeRel|Win32
		{77C430D6-1D2F-3696-8BD0-D12DB6AC990D}.RelWithDebInfo|Win32.ActiveCfg = RelWithDebInfo|Win32
		{77C430D6-1D2F-3696-8BD0-D12DB6AC990D}.RelWithDebInfo|Win32.Build.0 = RelWithDebInfo|Win32
		{B3947C62-ED91-3425-8633-28BD3F66434E}.Debug|Win32.ActiveCfg = Debug|Win32
		{B3947C62-ED91-3425-8633-28BD3F66434E}.Debug|Win32.Build.0 = Debug|Win32
		{B3947C62-ED91-3425-8633-28BD3F66434E}.Release|Win32.ActiveCfg = Release|Win32
		{B3947C62-ED91-3425-8633-28BD3F66434E}.Release|Win32.Build.0 = Release|Win32
		{B3947C62-ED91-3425-8633-28BD3F66434E}.MinSizeRel|Win32.ActiveCfg = MinSizeRel|Win32
		{B3947C62-ED91-3425-8633-28BD3F66434E}.MinSizeRel|Win32.Build.0 = MinSizeRel|Win32
		{B3947C62-ED91-3425-8633-28BD3F66434E}.RelWithDebInfo|Win32.ActiveCfg = RelWithDebInfo|Win32
		{B3947C62-ED91-3425-8633-28BD3F66434E}.RelWithDebInfo|Win32.Build.0 = RelWithDebInfo|Win32
		{500EF439-51CA-357C-875A-D9056F23B254}.Debug|Win32.ActiveCfg = Debug|Win32
		{500EF439-51CA-357C-875A-D9056F23B254}.Debug|Win32.Build.0 = Debug|Win32
		{500EF439-51CA-357C-875A-D9056F23B254}.Release|Win32.ActiveCfg = Release|Win32
		{500EF439-51CA-357C-875A-D9056F23B254}.Release|Win32.Build.0 = Release|Win32
		{500EF439-51CA-357C-875A-D9056F23B254}.MinSizeRel|Win32.ActiveCfg = MinSizeRel|Win32
		{500EF439-51CA-357C-875A-D9056F23B254}.MinSizeRel|Win32.Build.0 = MinSizeRel|Win32
		{500EF439-51CA-357C-875A-D9056F23B254}.RelWithDebInfo|Win32.ActiveCfg = RelWithDebInfo|Win32
		{500EF439-51CA-357C-875A-D9056F23B254}.RelWithDebInfo|Win32.Build.0 = RelWithDebInfo|Win32
		{F5537F4B-62E9-32EA-8DB0-F2B4AA76C2DE}.Debug|Win32.ActiveCfg = Debug|Win32
		{F5537F4B-62E9-32EA-8DB0-F2B4AA76C2DE}.Debug|Win32.Build.0 = Debug|Win32
		{F5537F4B-62E9-32EA-8DB0-F2B4AA76C2DE}.Release|Win32.ActiveCfg = Release|Win32
		{F5537F4B-62E9-32EA-8DB0-F2B4AA76C2DE}.Release|Win32.Build.0 = Release|Win32
		{F5537F4B-62E9-32EA-8DB0-F2B4AA76C2DE}.MinSizeRel|Win32.ActiveCfg = MinSizeRel|Win32
		{F5537F4B-62E9-32EA-8DB0-F2B4AA76C2DE}.MinSizeRel|Win32.Build.0 = MinSizeRel|Win32
		{F5537F4B-62E9-32EA-8DB0-F2B4AA76C2DE}.RelWithDebInfo|Win32.ActiveCfg = RelWithDebInfo|Win32
		{F5537F4B-62E9-32EA-8DB0-F2B4AA76C2DE}.RelWithDebInfo|Win32.Build.0 = RelWithDebInfo|Win32
		{374FC74D-B631-31EE-9904-5D3B7A86873D}.Debug|Win32.ActiveCfg = Debug|Win32
		{374FC74D-B631-31EE-9904-5D3B7A86873D}.Debug|Win32.Build.0 = Debug|Win32
		{374FC74D-B631-31EE-9904-5D3B7A86873D}.Release|Win32.ActiveCfg = Release|Win32
		{374FC74D-B631-31EE-9904-5D3B7A86873D}.Release|Win32.Build.0 = Release|Win32
		{374FC74D-B631-31EE-9904-5D3B7A86873D}.MinSizeRel|Win32.ActiveCfg = MinSizeRel|Win32
		{374FC74D-B631-31EE-9904-5D3B7A86873D}.MinSizeRel|Win32.Build.0 = MinSizeRel|Win32
		{374FC74D-B631-31EE-9904-5D3B7A86873D}.RelWithDebInfo|Win32.ActiveCfg = RelWithDebInfo|Win32
		{374FC74D-B631-31EE-9904-5D3B7A86873D}.RelWithDebInfo|Win32.Build.0 = RelWithDebInfo|Win32
		{601AD910-C7FB-3FB0-A3C0-A3258FA5EA48}.Debug|Win32.ActiveCfg = Debug|Win32
		{601AD910-C7FB-3FB0-A3C0-A3258FA5EA48}.Debug|Win32.Build.0 = Debug|Win32
		{601AD910-C7FB-3FB0-A3C0-A3258FA5EA48}.Release|Win32.ActiveCfg = Release|Win32
		{601AD910-C7FB-3FB0-A3C0-A3258FA5EA48}.Release|Win32.Build.0 = Release|Win32
		{601AD910-C7FB-3FB0-A3C0-A3258FA5EA48}.MinSizeRel|Win32.ActiveCfg = MinSizeRel|Win32
		{601AD910-C7FB-3FB0-A3C0-A3258FA5EA48}.MinSizeRel|Win32.Build.0 = MinSizeRel|Win32
		{601AD910-C7FB-3FB0-A3C0-A3258FA5EA48}.RelWithDebInfo|Win32.ActiveCfg = RelWithDebInfo|Win32
		{601AD910-C7FB-3FB0-A3C0-A3258FA5EA48}.RelWithDebInfo|Win32.Build.0 = RelWithDebInfo|Win32
		{45DCF316-6D5F-397A-8F8A-7F168E739E67}.Debug|Win32.ActiveCfg = Debug|Win32
		{45DCF316-6D5F-397A-8F8A-7F168E739E67}.Debug|Win32.Build.0 = Debug|Win32
		{45DCF316-6D5F-397A-8F8A-7F168E739E67}.Release|Win32.ActiveCfg = Release|Win32
		{45DCF316-6D5F-397A-8F8A-7F168E739E67}.Release|Win32.Build.0 = Release|Win32
		{45DCF316-6D5F-397A-8F8A-7F168E739E67}.MinSizeRel|Win32.ActiveCfg = MinSizeRel|Win32
		{45DCF316-6D5F-397A-8F8A-7F168E739E67}.MinSizeRel|Win32.Build.0 = MinSizeRel|Win32
		{45DCF316-6D5F-397A-8F8A-7F168E739E67}.RelWithDebInfo|Win32.ActiveCfg = RelWithDebInfo|Win32
		{45DCF316-6D5F-397A-8F8A-7F168E739E67}.RelWithDebInfo|Win32.Build.0 = RelWithDebInfo|Win32
		{9CE8D63E-1CBB-344F-BAFE-83CEEF7FF168}.Debug|Win32.ActiveCfg = Debug|Win32
		{9CE8D63E-1CBB-344F-BAFE-83CEEF7FF168}.Debug|Win32.Build.0 = Debug|Win32
		{9CE8D63E-1CBB-344F-BAFE-83CEEF7FF168}.Release|Win32.ActiveCfg = Release|Win32
		{9CE8D63E-1CBB-344F-BAFE-83CEEF7FF168}.Release|Win32.Build.0 = Release|Win32
		{9CE8D63E-1CBB-344F-BAFE-83CEEF7FF168}.MinSizeRel|Win32.ActiveCfg = MinSizeRel|Win32
		{9CE8D63E-1CBB-344F-BAFE-83CEEF7FF168}.MinSizeRel|Win32.Build.0 = MinSizeRel|Win32
		{9CE8D63E-1CBB-344F-BAFE-83CEEF7FF168}.RelWithDebInfo|Win32.ActiveCfg = RelWithDebInfo|Win32
		{9CE8D63E-1CBB-344F-BAFE-83CEEF7FF168}.RelWithDebInfo|Win32.Build.0 = RelWithDebInfo|Win32
		{CFE84F6D-6628-3513-ACE3-37A87CB597D8}.Debug|Win32.ActiveCfg = Debug|Win32
		{CFE84F6D-6628-3513-ACE3-37A87CB597D8}.Debug|Win32.Build.0 = Debug|Win32
		{CFE84F6D-6628-3513-ACE3-37A87CB597D8}.Release|Win32.ActiveCfg = Release|Win32
		{CFE84F6D-6628-3513-ACE3-37A87CB597D8}.Release|Win32.Build.0 = Release|Win32
		{CFE84F6D-6628-3513-ACE3-37A87CB597D8}.MinSizeRel|Win32.ActiveCfg = MinSizeRel|Win32
		{CFE84F6D-6628-3513-ACE3-37A87CB597D8}.MinSizeRel|Win32.Build.0 = MinSizeRel|Win32
		{CFE84F6D-6628-3513-ACE3-37A87CB597D8}.RelWithDebInfo|Win32.ActiveCfg = RelWithDebInfo|Win32
		{CFE84F6D-6628-3513-ACE3-37A87CB597D8}.RelWithDebInfo|Win32.Build.0 = RelWithDebInfo|Win32
		{2470C412-5D21-333E-857D-3583A38D1D60}.Debug|Win32.ActiveCfg = Debug|Win32
		{2470C412-5D21-333E-857D-3583A38D1D60}.Debug|Win32.Build.0 = Debug|Win32
		{2470C412-5D21-333E-857D-3583A38D1D60}.Release|Win32.ActiveCfg = Release|Win32
		{2470C412-5D21-333E-857D-3583A38D1D60}.Release|Win32.Build.0 = Release|Win32
		{2470C412-5D21-333E-857D-3583A38D1D60}.MinSizeRel|Win32.ActiveCfg = MinSizeRel|Win32
		{2470C412-5D21-333E-857D-3583A38D1D60}.MinSizeRel|Win32.Build.0 = MinSizeRel|Win32
		{2470C412-5D21-333E-857D-3583A38D1D60}.RelWithDebInfo|Win32.ActiveCfg = RelWithDebInfo|Win32
		{2470C412-5D21-333E-857D-3583A38D1D60}.RelWithDebInfo|Win32.Build.0 = RelWithDebInfo|Win32
	EndGlobalSection
	GlobalSection(NestedProjects) = preSolution
		{D81A9951-FC2B-3AD1-AE22-26B483F1DE41} = {E527E33A-F295-39A8-8909-299DC3548D09}
		{D7A35C5D-D36B-327C-8489-7C1C3F0C6BB7} = {E527E33A-F295-39A8-8909-299DC3548D09}
		{9CDCB22B-DC0D-39AB-8340-3CD0F3F5F341} = {4D942049-7D30-3DC9-A51F-EC3DC3F4854A}
		{77C430D6-1D2F-3696-8BD0-D12DB6AC990D} = {4D942049-7D30-3DC9-A51F-EC3DC3F4854A}
		{B3947C62-ED91-3425-8633-28BD3F66434E} = {4D942049-7D30-3DC9-A51F-EC3DC3F4854A}
		{500EF439-51CA-357C-875A-D9056F23B254} = {4D942049-7D30-3DC9-A51F-EC3DC3F4854A}
		{F5537F4B-62E9-32EA-8DB0-F2B4AA76C2DE} = {4D942049-7D30-3DC9-A51F-EC3DC3F4854A}
		{374FC74D-B631-31EE-9904-5D3B7A86873D} = {4D942049-7D30-3DC9-A51F-EC3DC3F4854A}
		{601AD910-C7FB-3FB0-A3C0-A3258FA5EA48} = {4D942049-7D30-3DC9-A51F-EC3DC3F4854A}
		{45DCF316-6D5F-397A-8F8A-7F168E739E67} = {4D942049-7D30-3DC9-A51F-EC3DC3F4854A}
		{9CE8D63E-1CBB-344F-BAFE-83CEEF7FF168} = {4D942049-7D30-3DC9-A51F-EC3DC3F4854A}
		{CFE84F6D-6628-3513-ACE3-37A87CB597D8} = {4D942049-7D30-3DC9-A51F-EC3DC3F4854A}
		{2470C412-5D21-333E-857D-3583A38D1D60} = {4D942049-7D30-3DC9-A51F-EC3DC3F4854A}
		{B2960188-B667-3370-980E-34A4B54AFD8C} = {918A50A3-A3B5-348D-BD8A-07EE6AD0E200}
	EndGlobalSection
	GlobalSection(ExtensibilityGlobals) = postSolution
		SolutionGuid = {49BDA5D7-1CFA-39E0-AA40-9CC9841CE427}
	EndGlobalSection
	GlobalSection(ExtensibilityAddIns) = postSolution
	EndGlobalSection
EndGlobal
